
Microsoft Visual Studio Solution File, Format Version 12.00
# Visual Studio Version 16
VisualStudioVersion = 16.0.30907.101
MinimumVisualStudioVersion = 10.0.40219.1
Project("{FAE04EC0-301F-11D3-BF4B-00C04F79EFBC}") = "ClassMetotDemo", "ClassMetotDemo\ClassMetotDemo.csproj", "{BABE2474-7085-42E1-BA3A-B815369DBF28}"
EndProject
Global
	GlobalSection(SolutionConfigurationPlatforms) = preSolution
		Debug|Any CPU = Debug|Any CPU
		Release|Any CPU = Release|Any CPU
	EndGlobalSection
	GlobalSection(ProjectConfigurationPlatforms) = postSolution
		{BABE2474-7085-42E1-BA3A-B815369DBF28}.Debug|Any CPU.ActiveCfg = Debug|Any CPU
		{BABE2474-7085-42E1-BA3A-B815369DBF28}.Debug|Any CPU.Build.0 = Debug|Any CPU
		{BABE2474-7085-42E1-BA3A-B815369DBF28}.Release|Any CPU.ActiveCfg = Release|Any CPU
		{BABE2474-7085-42E1-BA3A-B815369DBF28}.Release|Any CPU.Build.0 = Release|Any CPU
	EndGlobalSection
	GlobalSection(SolutionProperties) = preSolution
		HideSolutionNode = FALSE
	EndGlobalSection
	GlobalSection(ExtensibilityGlobals) = postSolution
		SolutionGuid = {EDF80DA5-8EBA-4726-885B-D3751E5BD8B8}
	EndGlobalSection
EndGlobal
